
Microsoft Visual Studio Solution File, Format Version 12.00
# Visual Studio 15
VisualStudioVersion = 15.0.27703.2035
MinimumVisualStudioVersion = 10.0.40219.1
Project("{FAE04EC0-301F-11D3-BF4B-00C04F79EFBC}") = "ControlDesigner.Android", "ControlDesigner\ControlDesigner.Android\ControlDesigner.Android.csproj", "{65C23B16-333B-4929-9816-575565B22E9F}"
EndProject
Project("{FAE04EC0-301F-11D3-BF4B-00C04F79EFBC}") = "ControlDesigner.iOS", "ControlDesigner\ControlDesigner.iOS\ControlDesigner.iOS.csproj", "{6A4587AF-CA34-461C-9613-F5467914AA70}"
EndProject
Project("{9A19103F-16F7-4668-BE54-9A1E7A4F7556}") = "ControlDesigner", "ControlDesigner\ControlDesigner\ControlDesigner.csproj", "{705C631E-C917-4F53-8CE3-E86A94773097}"
EndProject
Global
	GlobalSection(SolutionConfigurationPlatforms) = preSolution
		Debug|Any CPU = Debug|Any CPU
		Debug|iPhone = Debug|iPhone
		Debug|iPhoneSimulator = Debug|iPhoneSimulator
		Release|Any CPU = Release|Any CPU
		Release|iPhone = Release|iPhone
		Release|iPhoneSimulator = Release|iPhoneSimulator
	EndGlobalSection
	GlobalSection(ProjectConfigurationPlatforms) = postSolution
		{65C23B16-333B-4929-9816-575565B22E9F}.Debug|Any CPU.ActiveCfg = Debug|Any CPU
		{65C23B16-333B-4929-9816-575565B22E9F}.Debug|Any CPU.Build.0 = Debug|Any CPU
		{65C23B16-333B-4929-9816-575565B22E9F}.Debug|Any CPU.Deploy.0 = Debug|Any CPU
		{65C23B16-333B-4929-9816-575565B22E9F}.Debug|iPhone.ActiveCfg = Debug|Any CPU
		{65C23B16-333B-4929-9816-575565B22E9F}.Debug|iPhone.Build.0 = Debug|Any CPU
		{65C23B16-333B-4929-9816-575565B22E9F}.Debug|iPhone.Deploy.0 = Debug|Any CPU
		{65C23B16-333B-4929-9816-575565B22E9F}.Debug|iPhoneSimulator.ActiveCfg = Debug|Any CPU
		{65C23B16-333B-4929-9816-575565B22E9F}.Debug|iPhoneSimulator.Build.0 = Debug|Any CPU
		{65C23B16-333B-4929-9816-575565B22E9F}.Debug|iPhoneSimulator.Deploy.0 = Debug|Any CPU
		{65C23B16-333B-4929-9816-575565B22E9F}.Release|Any CPU.ActiveCfg = Release|Any CPU
		{65C23B16-333B-4929-9816-575565B22E9F}.Release|Any CPU.Build.0 = Release|Any CPU
		{65C23B16-333B-4929-9816-575565B22E9F}.Release|Any CPU.Deploy.0 = Release|Any CPU
		{65C23B16-333B-4929-9816-575565B22E9F}.Release|iPhone.ActiveCfg = Release|Any CPU
		{65C23B16-333B-4929-9816-575565B22E9F}.Release|iPhone.Build.0 = Release|Any CPU
		{65C23B16-333B-4929-9816-575565B22E9F}.Release|iPhone.Deploy.0 = Release|Any CPU
		{65C23B16-333B-4929-9816-575565B22E9F}.Release|iPhoneSimulator.ActiveCfg = Release|Any CPU
		{65C23B16-333B-4929-9816-575565B22E9F}.Release|iPhoneSimulator.Build.0 = Release|Any CPU
		{65C23B16-333B-4929-9816-575565B22E9F}.Release|iPhoneSimulator.Deploy.0 = Release|Any CPU
		{6A4587AF-CA34-461C-9613-F5467914AA70}.Debug|Any CPU.ActiveCfg = Debug|iPhoneSimulator
		{6A4587AF-CA34-461C-9613-F5467914AA70}.Debug|Any CPU.Build.0 = Debug|iPhoneSimulator
		{6A4587AF-CA34-461C-9613-F5467914AA70}.Debug|Any CPU.Deploy.0 = Debug|iPhoneSimulator
		{6A4587AF-CA34-461C-9613-F5467914AA70}.Debug|iPhone.ActiveCfg = Debug|iPhone
		{6A4587AF-CA34-461C-9613-F5467914AA70}.Debug|iPhone.Build.0 = Debug|iPhone
		{6A4587AF-CA34-461C-9613-F5467914AA70}.Debug|iPhone.Deploy.0 = Debug|iPhone
		{6A4587AF-CA34-461C-9613-F5467914AA70}.Debug|iPhoneSimulator.ActiveCfg = Debug|iPhoneSimulator
		{6A4587AF-CA34-461C-9613-F5467914AA70}.Debug|iPhoneSimulator.Build.0 = Debug|iPhoneSimulator
		{6A4587AF-CA34-461C-9613-F5467914AA70}.Debug|iPhoneSimulator.Deploy.0 = Debug|iPhoneSimulator
		{6A4587AF-CA34-461C-9613-F5467914AA70}.Release|Any CPU.ActiveCfg = Release|iPhone
		{6A4587AF-CA34-461C-9613-F5467914AA70}.Release|Any CPU.Build.0 = Release|iPhone
		{6A4587AF-CA34-461C-9613-F5467914AA70}.Release|Any CPU.Deploy.0 = Release|iPhone
		{6A4587AF-CA34-461C-9613-F5467914AA70}.Release|iPhone.ActiveCfg = Release|iPhone
		{6A4587AF-CA34-461C-9613-F5467914AA70}.Release|iPhone.Build.0 = Release|iPhone
		{6A4587AF-CA34-461C-9613-F5467914AA70}.Release|iPhone.Deploy.0 = Release|iPhone
		{6A4587AF-CA34-461C-9613-F5467914AA70}.Release|iPhoneSimulator.ActiveCfg = Release|iPhoneSimulator
		{6A4587AF-CA34-461C-9613-F5467914AA70}.Release|iPhoneSimulator.Build.0 = Release|iPhoneSimulator
		{6A4587AF-CA34-461C-9613-F5467914AA70}.Release|iPhoneSimulator.Deploy.0 = Release|iPhoneSimulator
		{705C631E-C917-4F53-8CE3-E86A94773097}.Debug|Any CPU.ActiveCfg = Debug|Any CPU
		{705C631E-C917-4F53-8CE3-E86A94773097}.Debug|Any CPU.Build.0 = Debug|Any CPU
		{705C631E-C917-4F53-8CE3-E86A94773097}.Debug|Any CPU.Deploy.0 = Debug|Any CPU
		{705C631E-C917-4F53-8CE3-E86A94773097}.Debug|iPhone.ActiveCfg = Debug|Any CPU
		{705C631E-C917-4F53-8CE3-E86A94773097}.Debug|iPhone.Build.0 = Debug|Any CPU
		{705C631E-C917-4F53-8CE3-E86A94773097}.Debug|iPhone.Deploy.0 = Debug|Any CPU
		{705C631E-C917-4F53-8CE3-E86A94773097}.Debug|iPhoneSimulator.ActiveCfg = Debug|Any CPU
		{705C631E-C917-4F53-8CE3-E86A94773097}.Debug|iPhoneSimulator.Build.0 = Debug|Any CPU
		{705C631E-C917-4F53-8CE3-E86A94773097}.Debug|iPhoneSimulator.Deploy.0 = Debug|Any CPU
		{705C631E-C917-4F53-8CE3-E86A94773097}.Release|Any CPU.ActiveCfg = Release|Any CPU
		{705C631E-C917-4F53-8CE3-E86A94773097}.Release|Any CPU.Build.0 = Release|Any CPU
		{705C631E-C917-4F53-8CE3-E86A94773097}.Release|Any CPU.Deploy.0 = Release|Any CPU
		{705C631E-C917-4F53-8CE3-E86A94773097}.Release|iPhone.ActiveCfg = Release|Any CPU
		{705C631E-C917-4F53-8CE3-E86A94773097}.Release|iPhone.Build.0 = Release|Any CPU
		{705C631E-C917-4F53-8CE3-E86A94773097}.Release|iPhone.Deploy.0 = Release|Any CPU
		{705C631E-C917-4F53-8CE3-E86A94773097}.Release|iPhoneSimulator.ActiveCfg = Release|Any CPU
		{705C631E-C917-4F53-8CE3-E86A94773097}.Release|iPhoneSimulator.Build.0 = Release|Any CPU
		{705C631E-C917-4F53-8CE3-E86A94773097}.Release|iPhoneSimulator.Deploy.0 = Release|Any CPU
	EndGlobalSection
	GlobalSection(SolutionProperties) = preSolution
		HideSolutionNode = FALSE
	EndGlobalSection
	GlobalSection(ExtensibilityGlobals) = postSolution
		SolutionGuid = {AB65B884-F344-4BEA-98BA-61C3171E926C}
	EndGlobalSection
EndGlobal
